{
  "originHash" : "b455eeef044913113f2d72e90862c827161b17365ed3f5b4843630f4baed0132",
  "pins" : [
    {
      "identity" : "defaults",
      "kind" : "remoteSourceControl",
      "location" : "https://github.com/sindresorhus/Defaults.git",
      "state" : {
        "revision" : "38925e3cfacf3fb89a81a35b1cd44fd5a5b7e0fa",
        "version" : "8.2.0"
      }
    },
    {
      "identity" : "mobilliumbuilders",
      "kind" : "remoteSourceControl",
      "location" : "https://github.com/mobillium/MobilliumBuilders.git",
      "state" : {
        "revision" : "babf60cfda74e0ab468e28e8f082e11b26ff90e7",
        "version" : "1.6.1"
      }
    },
    {
      "identity" : "qonversion-ios-sdk",
      "kind" : "remoteSourceControl",
      "location" : "https://github.com/qonversion/qonversion-ios-sdk.git",
      "state" : {
        "revision" : "0ec224f004c0673d942b23680ee046cba2a7e0be",
        "version" : "5.13.0"
      }
    }
  ],
  "version" : 3
}
